
Microsoft Visual Studio Solution File, Format Version 12.00
# Visual Studio Version 16
VisualStudioVersion = 16.0.29613.14
MinimumVisualStudioVersion = 10.0.40219.1
Project("{FAE04EC0-301F-11D3-BF4B-00C04F79EFBC}") = "EmployeWageComputation", "EmployeWageComputation\EmployeWageComputation.csproj", "{DE0F9F74-D382-4C29-8EBD-61B3B6D72EB0}"
EndProject
Global
	GlobalSection(SolutionConfigurationPlatforms) = preSolution
		Debug|Any CPU = Debug|Any CPU
		Release|Any CPU = Release|Any CPU
	EndGlobalSection
	GlobalSection(ProjectConfigurationPlatforms) = postSolution
		{DE0F9F74-D382-4C29-8EBD-61B3B6D72EB0}.Debug|Any CPU.ActiveCfg = Debug|Any CPU
		{DE0F9F74-D382-4C29-8EBD-61B3B6D72EB0}.Debug|Any CPU.Build.0 = Debug|Any CPU
		{DE0F9F74-D382-4C29-8EBD-61B3B6D72EB0}.Release|Any CPU.ActiveCfg = Release|Any CPU
		{DE0F9F74-D382-4C29-8EBD-61B3B6D72EB0}.Release|Any CPU.Build.0 = Release|Any CPU
	EndGlobalSection
	GlobalSection(SolutionProperties) = preSolution
		HideSolutionNode = FALSE
	EndGlobalSection
	GlobalSection(ExtensibilityGlobals) = postSolution
		SolutionGuid = {8104FF42-D45F-4254-A1DE-CFB5164E614D}
	EndGlobalSection
EndGlobal
